SITE
  remote: http://community.opscode.com/api/v1
  specs:
    apache2 (1.10.2)
      iptables (>= 0.0.0)
      logrotate (>= 0.0.0)
      pacman (>= 0.0.0)
    apt (2.3.8)
    build-essential (1.4.2)
    discovery (0.2.2)
    dpkg_autostart (0.1.10)
    erlang (1.5.2)
      apt (>= 1.7.0)
      build-essential (>= 0.0.0)
      yum (~> 3.0)
      yum-epel (>= 0.0.0)
      yum-erlang_solutions (>= 0.0.0)
    iptables (0.13.2)
    logrotate (1.5.0)
    nginx (1.8.0)
      apt (>= 0.0.0)
      build-essential (>= 0.0.0)
      ohai (>= 1.1.4)
      runit (>= 0.0.0)
      yum (>= 0.0.0)
    ohai (2.0.0)
    pacman (1.1.1)
    partial_search (1.0.6)
    pkg-build (0.1.9)
      apt (>= 0.0.0)
      builder (>= 0.0.0)
      discovery (>= 0.2.0)
      fpm-tng (>= 0.0.0)
      ohai (>= 0.0.0)
      reprepro (>= 0.0.0)
    reprepro (0.4.1)
      apache2 (>= 0.0.0)
      build-essential (>= 0.0.0)
      nginx (>= 0.0.0)
    runit (1.5.10)
      build-essential (>= 0.0.0)
      yum (~> 3.0)
      yum-epel (>= 0.0.0)
    ssh_known_hosts (1.1.0)
      partial_search (>= 0.0.0)
    yum (3.2.0)
    yum-epel (0.3.6)
      yum (~> 3.0)
    yum-erlang_solutions (0.2.0)
      yum (~> 3.0)

GIT
  remote: git://github.com/hw-cookbooks/builder.git
  ref: develop
  sha: 2d731ef39f9d80ea13f1127ae3c140ba8a21a0ba
  specs:
    builder (0.1.5)
      build-essential (>= 0.0.0)
      ssh_known_hosts (>= 0.0.0)

GIT
  remote: git://github.com/hw-cookbooks/fpm-tng.git
  ref: develop
  sha: fd2696eaca6c558e8b2f327592304216bf3366b9
  specs:
    fpm-tng (0.1.7)

GIT
  remote: git://github.com/hw-cookbooks/lxc.git
  ref: develop
  sha: 4812674de09ad1683f92ff1d9d48035f798c6802
  specs:
    lxc (1.1.9)
      dpkg_autostart (~> 0.1.10)

GIT
  remote: git@github.com:heavywater/chef-packager.git
  ref: develop
  sha: ec805384da4ff0808465549ad2f2634e2b0046b7
  specs:
    packager (0.1.1)
      erlang (>= 0.0.0)
      pkg-build (>= 0.0.0)

DEPENDENCIES
  builder (>= 0)
  fpm-tng (>= 0)
  lxc (>= 0)
  packager (>= 0)

