SITE
  remote: http://community.opscode.com/api/v1
  specs:
    apache2 (1.8.14)
    apt (2.3.4)
    bluepill (2.3.1)
      rsyslog (>= 0.0.0)
    build-essential (1.4.2)
    discovery (0.2.2)
    dpkg_autostart (0.1.10)
    erlang (1.4.2)
      apt (>= 1.7.0)
      build-essential (>= 0.0.0)
      yum (~> 3.0)
      yum-epel (>= 0.0.0)
      yum-erlang_solutions (>= 0.0.0)
    nginx (2.2.0)
      apt (~> 2.2)
      bluepill (~> 2.3)
      build-essential (~> 1.4)
      ohai (~> 1.1)
      runit (~> 1.2)
      yum (~> 3.0)
      yum-epel (>= 0.0.0)
    ohai (1.1.12)
    partial_search (1.0.6)
    pkg-build (0.1.9)
      apt (>= 0.0.0)
      builder (>= 0.0.0)
      discovery (>= 0.2.0)
      fpm-tng (>= 0.0.0)
      ohai (>= 0.0.0)
      reprepro (>= 0.0.0)
    reprepro (0.4.1)
      apache2 (>= 0.0.0)
      build-essential (>= 0.0.0)
      nginx (>= 0.0.0)
    rsyslog (1.10.2)
    runit (1.5.8)
      build-essential (>= 0.0.0)
      yum (~> 3.0)
      yum-epel (>= 0.0.0)
    ssh_known_hosts (1.1.0)
      partial_search (>= 0.0.0)
    yum (3.0.4)
    yum-epel (0.2.0)
      yum (~> 3.0)
    yum-erlang_solutions (0.1.4)
      yum (~> 3.0)

GIT
  remote: git://github.com/hw-cookbooks/builder.git
  ref: develop
  sha: ed8dad7c4bdbbed7e93867323de2172ca7ac257d
  specs:
    builder (0.1.5)
      build-essential (>= 0.0.0)
      ssh_known_hosts (>= 0.0.0)

GIT
  remote: git://github.com/hw-cookbooks/fpm-tng.git
  ref: develop
  sha: fd2696eaca6c558e8b2f327592304216bf3366b9
  specs:
    fpm-tng (0.1.7)

GIT
  remote: git://github.com/hw-cookbooks/lxc.git
  ref: develop
  sha: 4812674de09ad1683f92ff1d9d48035f798c6802
  specs:
    lxc (1.1.9)
      dpkg_autostart (~> 0.1.10)

GIT
  remote: git@github.com:heavywater/chef-packager.git
  ref: master
  sha: e7be09011804441c92f51e1c15a6f639c75f127c
  specs:
    packager (0.1.0)
      erlang (>= 0.0.0)
      pkg-build (>= 0.0.0)

DEPENDENCIES
  builder (>= 0)
  fpm-tng (>= 0)
  lxc (>= 0)
  packager (>= 0)

